{
  "name": "nanoexpress-error",
  "version": "0.1.0",
  "lockfileVersion": 2,
  "requires": true,
  "packages": {
    "": {
      "name": "nanoexpress-error",
      "version": "0.1.0",
      "license": "ISC",
      "dependencies": {
        "nanoexpress": "^6.2.1"
      }
    },
    "node_modules/@dalisoft/args": {
      "version": "0.1.1",
      "resolved": "https://registry.npmjs.org/@dalisoft/args/-/args-0.1.1.tgz",
      "integrity": "sha512-PwmLEhnTyK6+AUwD0oqS57nLs1vpB17vEDlMc1i27zH8mrtFJmBmYfQv4FszoUHDHv3PtFk8M0X9yWxry2TSwA=="
    },
    "node_modules/@dalisoft/events": {
      "version": "0.2.0",
      "resolved": "https://registry.npmjs.org/@dalisoft/events/-/events-0.2.0.tgz",
      "integrity": "sha512-2NS/0vS9eL8ZxhgCVZQgPS4uoqbcSk9FN3G8Eqakcej7wOpH72z1kmDEDGI5T+MOp9IueKT2qI0XUdXhKeK9GA==",
      "dependencies": {
        "@dalisoft/args": "^0.1.1"
      }
    },
    "node_modules/ajv": {
      "version": "8.12.0",
      "resolved": "https://registry.npmjs.org/ajv/-/ajv-8.12.0.tgz",
      "integrity": "sha512-sRu1kpcO9yLtYxBKvqfTeh9KzZEwO3STyX1HT+4CaDzC6HpTGYhIhPIzj9XuKU7KYDwnaeh5hcOwjy1QuJzBPA==",
      "dependencies": {
        "fast-deep-equal": "^3.1.1",
        "json-schema-traverse": "^1.0.0",
        "require-from-string": "^2.0.2",
        "uri-js": "^4.2.2"
      },
      "funding": {
        "type": "github",
        "url": "https://github.com/sponsors/epoberezkin"
      }
    },
    "node_modules/cookie": {
      "version": "0.5.0",
      "resolved": "https://registry.npmjs.org/cookie/-/cookie-0.5.0.tgz",
      "integrity": "sha512-YZ3GUyn/o8gfKJlnlX7g7xq4gyO6OSuhGPKaaGssGB2qgDUS0gPgtTvoyZLTt9Ab6dC4hfc9dV5arkvc/OCmrw==",
      "engines": {
        "node": ">= 0.6"
      }
    },
    "node_modules/fast-decode-uri-component": {
      "version": "1.0.1",
      "resolved": "https://registry.npmjs.org/fast-decode-uri-component/-/fast-decode-uri-component-1.0.1.tgz",
      "integrity": "sha512-WKgKWg5eUxvRZGwW8FvfbaH7AXSh2cL+3j5fMGzUMCxWBJ3dV3a7Wz8y2f/uQ0e3B6WmodD3oS54jTQ9HVTIIg=="
    },
    "node_modules/fast-deep-equal": {
      "version": "3.1.3",
      "resolved": "https://registry.npmjs.org/fast-deep-equal/-/fast-deep-equal-3.1.3.tgz",
      "integrity": "sha512-f3qQ9oQy9j2AhBe/H9VC91wLmKBCCU/gDOnKNAYG5hswO7BLKj09Hc5HYNz9cGI++xlpDCIgDaitVs03ATR84Q=="
    },
    "node_modules/fast-query-parse": {
      "version": "2.0.4",
      "resolved": "https://registry.npmjs.org/fast-query-parse/-/fast-query-parse-2.0.4.tgz",
      "integrity": "sha512-fTBe7ETP/wLLhUTx44k247fxo8zu7Z/lOUXx7yXNDIlyiPINy6OI1Lrzf1++KIp3zxaOaWsyW+5acP/+O/iqkQ==",
      "dependencies": {
        "fast-decode-uri-component": "^1.0.1"
      }
    },
    "node_modules/json-schema-traverse": {
      "version": "1.0.0",
      "resolved": "https://registry.npmjs.org/json-schema-traverse/-/json-schema-traverse-1.0.0.tgz",
      "integrity": "sha512-NM8/P9n3XjXhIZn1lLhkFaACTOURQXjWhV4BA/RnOv8xvgqtqpAX9IO4mRQxSx1Rlo4tqzeqb0sOlruaOy3dug=="
    },
    "node_modules/nanoexpress": {
      "version": "6.2.1",
      "resolved": "https://registry.npmjs.org/nanoexpress/-/nanoexpress-6.2.1.tgz",
      "integrity": "sha512-zSMv6DZzOxP23HccUaYlNb7oQoX5dEoYSrnIrGYqlJQwZeBCpjy86kZ5XUkQhnXhyovt8Inu/I6n55hhNqO37w==",
      "dependencies": {
        "@dalisoft/events": "^0.2.0",
        "ajv": "^8.12.0",
        "cookie": "^0.5.0",
        "fast-query-parse": "^2.0.4",
        "uWebSockets.js": "https://github.com/uNetworking/uWebSockets.js/archive/v20.24.0.tar.gz"
      },
      "engines": {
        "node": ">=18.16.0"
      },
      "funding": {
        "type": "patreon",
        "url": "https://www.patreon.com/dalisoft"
      }
    },
    "node_modules/punycode": {
      "version": "2.3.0",
      "resolved": "https://registry.npmjs.org/punycode/-/punycode-2.3.0.tgz",
      "integrity": "sha512-rRV+zQD8tVFys26lAGR9WUuS4iUAngJScM+ZRSKtvl5tKeZ2t5bvdNFdNHBW9FWR4guGHlgmsZ1G7BSm2wTbuA==",
      "engines": {
        "node": ">=6"
      }
    },
    "node_modules/require-from-string": {
      "version": "2.0.2",
      "resolved": "https://registry.npmjs.org/require-from-string/-/require-from-string-2.0.2.tgz",
      "integrity": "sha512-Xf0nWe6RseziFMu+Ap9biiUbmplq6S9/p+7w7YXP/JBHhrUDDUhwa+vANyubuqfZWTveU//DYVGsDG7RKL/vEw==",
      "engines": {
        "node": ">=0.10.0"
      }
    },
    "node_modules/uri-js": {
      "version": "4.4.1",
      "resolved": "https://registry.npmjs.org/uri-js/-/uri-js-4.4.1.tgz",
      "integrity": "sha512-7rKUyy33Q1yc98pQ1DAmLtwX109F7TIfWlW1Ydo8Wl1ii1SeHieeh0HHfPeL2fMXK6z0s8ecKs9frCuLJvndBg==",
      "dependencies": {
        "punycode": "^2.1.0"
      }
    },
    "node_modules/uWebSockets.js": {
      "version": "20.24.0",
      "resolved": "https://github.com/uNetworking/uWebSockets.js/archive/v20.24.0.tar.gz",
      "integrity": "sha512-rjGAItD6PiKD7dQztkiMXqMWP7hrtdcBBc0gopw3mG+uK47+CqRSPsMgs0EuYgQx9QV/4tqwkGfK2y3nmOUTuQ=="
    }
  },
  "dependencies": {
    "@dalisoft/args": {
      "version": "0.1.1",
      "resolved": "https://registry.npmjs.org/@dalisoft/args/-/args-0.1.1.tgz",
      "integrity": "sha512-PwmLEhnTyK6+AUwD0oqS57nLs1vpB17vEDlMc1i27zH8mrtFJmBmYfQv4FszoUHDHv3PtFk8M0X9yWxry2TSwA=="
    },
    "@dalisoft/events": {
      "version": "0.2.0",
      "resolved": "https://registry.npmjs.org/@dalisoft/events/-/events-0.2.0.tgz",
      "integrity": "sha512-2NS/0vS9eL8ZxhgCVZQgPS4uoqbcSk9FN3G8Eqakcej7wOpH72z1kmDEDGI5T+MOp9IueKT2qI0XUdXhKeK9GA==",
      "requires": {
        "@dalisoft/args": "^0.1.1"
      }
    },
    "ajv": {
      "version": "8.12.0",
      "resolved": "https://registry.npmjs.org/ajv/-/ajv-8.12.0.tgz",
      "integrity": "sha512-sRu1kpcO9yLtYxBKvqfTeh9KzZEwO3STyX1HT+4CaDzC6HpTGYhIhPIzj9XuKU7KYDwnaeh5hcOwjy1QuJzBPA==",
      "requires": {
        "fast-deep-equal": "^3.1.1",
        "json-schema-traverse": "^1.0.0",
        "require-from-string": "^2.0.2",
        "uri-js": "^4.2.2"
      }
    },
    "cookie": {
      "version": "0.5.0",
      "resolved": "https://registry.npmjs.org/cookie/-/cookie-0.5.0.tgz",
      "integrity": "sha512-YZ3GUyn/o8gfKJlnlX7g7xq4gyO6OSuhGPKaaGssGB2qgDUS0gPgtTvoyZLTt9Ab6dC4hfc9dV5arkvc/OCmrw=="
    },
    "fast-decode-uri-component": {
      "version": "1.0.1",
      "resolved": "https://registry.npmjs.org/fast-decode-uri-component/-/fast-decode-uri-component-1.0.1.tgz",
      "integrity": "sha512-WKgKWg5eUxvRZGwW8FvfbaH7AXSh2cL+3j5fMGzUMCxWBJ3dV3a7Wz8y2f/uQ0e3B6WmodD3oS54jTQ9HVTIIg=="
    },
    "fast-deep-equal": {
      "version": "3.1.3",
      "resolved": "https://registry.npmjs.org/fast-deep-equal/-/fast-deep-equal-3.1.3.tgz",
      "integrity": "sha512-f3qQ9oQy9j2AhBe/H9VC91wLmKBCCU/gDOnKNAYG5hswO7BLKj09Hc5HYNz9cGI++xlpDCIgDaitVs03ATR84Q=="
    },
    "fast-query-parse": {
      "version": "2.0.4",
      "resolved": "https://registry.npmjs.org/fast-query-parse/-/fast-query-parse-2.0.4.tgz",
      "integrity": "sha512-fTBe7ETP/wLLhUTx44k247fxo8zu7Z/lOUXx7yXNDIlyiPINy6OI1Lrzf1++KIp3zxaOaWsyW+5acP/+O/iqkQ==",
      "requires": {
        "fast-decode-uri-component": "^1.0.1"
      }
    },
    "json-schema-traverse": {
      "version": "1.0.0",
      "resolved": "https://registry.npmjs.org/json-schema-traverse/-/json-schema-traverse-1.0.0.tgz",
      "integrity": "sha512-NM8/P9n3XjXhIZn1lLhkFaACTOURQXjWhV4BA/RnOv8xvgqtqpAX9IO4mRQxSx1Rlo4tqzeqb0sOlruaOy3dug=="
    },
    "nanoexpress": {
      "version": "6.2.1",
      "resolved": "https://registry.npmjs.org/nanoexpress/-/nanoexpress-6.2.1.tgz",
      "integrity": "sha512-zSMv6DZzOxP23HccUaYlNb7oQoX5dEoYSrnIrGYqlJQwZeBCpjy86kZ5XUkQhnXhyovt8Inu/I6n55hhNqO37w==",
      "requires": {
        "@dalisoft/events": "^0.2.0",
        "ajv": "^8.12.0",
        "cookie": "^0.5.0",
        "fast-query-parse": "^2.0.4",
        "uWebSockets.js": "https://github.com/uNetworking/uWebSockets.js/archive/v20.24.0.tar.gz"
      }
    },
    "punycode": {
      "version": "2.3.0",
      "resolved": "https://registry.npmjs.org/punycode/-/punycode-2.3.0.tgz",
      "integrity": "sha512-rRV+zQD8tVFys26lAGR9WUuS4iUAngJScM+ZRSKtvl5tKeZ2t5bvdNFdNHBW9FWR4guGHlgmsZ1G7BSm2wTbuA=="
    },
    "require-from-string": {
      "version": "2.0.2",
      "resolved": "https://registry.npmjs.org/require-from-string/-/require-from-string-2.0.2.tgz",
      "integrity": "sha512-Xf0nWe6RseziFMu+Ap9biiUbmplq6S9/p+7w7YXP/JBHhrUDDUhwa+vANyubuqfZWTveU//DYVGsDG7RKL/vEw=="
    },
    "uri-js": {
      "version": "4.4.1",
      "resolved": "https://registry.npmjs.org/uri-js/-/uri-js-4.4.1.tgz",
      "integrity": "sha512-7rKUyy33Q1yc98pQ1DAmLtwX109F7TIfWlW1Ydo8Wl1ii1SeHieeh0HHfPeL2fMXK6z0s8ecKs9frCuLJvndBg==",
      "requires": {
        "punycode": "^2.1.0"
      }
    },
    "uWebSockets.js": {
      "version": "https://github.com/uNetworking/uWebSockets.js/archive/v20.24.0.tar.gz",
      "integrity": "sha512-rjGAItD6PiKD7dQztkiMXqMWP7hrtdcBBc0gopw3mG+uK47+CqRSPsMgs0EuYgQx9QV/4tqwkGfK2y3nmOUTuQ=="
    }
  }
}
